
Microsoft Visual Studio Solution File, Format Version 12.00
# Visual Studio 15
VisualStudioVersion = 15.0.27004.2009
MinimumVisualStudioVersion = 10.0.40219.1
Project("{FAE04EC0-301F-11D3-BF4B-00C04F79EFBC}") = "PowerView.Common", "PowerView.Common\PowerView.Common.csproj", "{0D89A850-F687-4724-B9B7-5B72D7CFB30E}"
EndProject
Project("{FAE04EC0-301F-11D3-BF4B-00C04F79EFBC}") = "PowerView.Web.UI.Tests", "PowerView.Web.UI.Tests\PowerView.Web.UI.Tests.csproj", "{25A40D49-8D3D-403C-AF40-88BFCF95582C}"
EndProject
Project("{2150E333-8FDC-42A3-9474-1A3956D46DE8}") = "Tests", "Tests", "{E69C1495-5255-4933-BAF8-4DFA0C3576D5}"
EndProject
Project("{FAE04EC0-301F-11D3-BF4B-00C04F79EFBC}") = "PowerView.Domain", "PowerView.Domain\PowerView.Domain.csproj", "{EACD8269-ABEA-4EEF-9821-83544FC419A9}"
EndProject
Project("{2150E333-8FDC-42A3-9474-1A3956D46DE8}") = "Core", "Core", "{1EC63BBA-22BF-4673-BBBF-28D4395311CD}"
EndProject
Project("{FAE04EC0-301F-11D3-BF4B-00C04F79EFBC}") = "PowerView.DataAccess", "PowerView.DataAccess\PowerView.DataAccess.csproj", "{435EF6FF-A333-4977-A8EC-B8F3ED4204C4}"
EndProject
Project("{FAE04EC0-301F-11D3-BF4B-00C04F79EFBC}") = "PowerView.IoT.Ingestion", "PowerView.IoT\PowerView.IoT.Ingestion.csproj", "{756F916E-AF39-48AE-A223-C712F6F029A9}"
EndProject
Project("{FAE04EC0-301F-11D3-BF4B-00C04F79EFBC}") = "PowerView.Domain.Tests", "PowerView.Domain.Tests\PowerView.Domain.Tests.csproj", "{991793CD-4889-402F-808C-236FDAA32D5D}"
EndProject
Project("{FAE04EC0-301F-11D3-BF4B-00C04F79EFBC}") = "PowerView.Infrastructure", "PowerView.Infrastructure\PowerView.Infrastructure.csproj", "{D7A47550-4779-4C9C-BC12-A95A7C2EE0BE}"
EndProject
Project("{2150E333-8FDC-42A3-9474-1A3956D46DE8}") = "UI", "UI", "{D6A0864D-1B48-4B81-9138-0E23ACC437FB}"
EndProject
Project("{2150E333-8FDC-42A3-9474-1A3956D46DE8}") = "CrossCutting", "CrossCutting", "{2FCF062E-1A95-46F9-9CEA-CBDA6AD55E32}"
EndProject
Project("{2150E333-8FDC-42A3-9474-1A3956D46DE8}") = "Domain", "Domain", "{62B8D196-1A11-44F3-9413-C7CA9512B77F}"
EndProject
Project("{2150E333-8FDC-42A3-9474-1A3956D46DE8}") = "ResourceAccess", "ResourceAccess", "{550A286D-683D-4838-9485-129A7C808E68}"
EndProject
Project("{FAE04EC0-301F-11D3-BF4B-00C04F79EFBC}") = "PowerView.IoT.Host", "PowerView.IOT.Host\PowerView.IoT.Host.csproj", "{3A232FF2-7D1B-4C73-BB49-A27C6F2EE5FE}"
EndProject
Project("{FAE04EC0-301F-11D3-BF4B-00C04F79EFBC}") = "PowerView.IoT.Ingestion.Tests", "PowerView.IoT.Ingestion.Tests\PowerView.IoT.Ingestion.Tests.csproj", "{FEDF9486-499C-4440-BB85-1CAC997A7441}"
EndProject
Project("{FAE04EC0-301F-11D3-BF4B-00C04F79EFBC}") = "PowerView.Domain.Logic", "PowerView.Domain.Logic\PowerView.Domain.Logic.csproj", "{E204DD87-78FF-457E-BCA7-8221E07452DB}"
EndProject
Project("{FAE04EC0-301F-11D3-BF4B-00C04F79EFBC}") = "PowerView.Web.UI", "PowerView.Web.UI\PowerView.Web.UI.csproj", "{CEE973D5-3804-40BF-89DC-F3E48DA3FFFC}"
EndProject
Global
	GlobalSection(SolutionConfigurationPlatforms) = preSolution
		Debug|Any CPU = Debug|Any CPU
		Release|Any CPU = Release|Any CPU
	EndGlobalSection
	GlobalSection(ProjectConfigurationPlatforms) = postSolution
		{0D89A850-F687-4724-B9B7-5B72D7CFB30E}.Debug|Any CPU.ActiveCfg = Debug|Any CPU
		{0D89A850-F687-4724-B9B7-5B72D7CFB30E}.Debug|Any CPU.Build.0 = Debug|Any CPU
		{0D89A850-F687-4724-B9B7-5B72D7CFB30E}.Release|Any CPU.ActiveCfg = Release|Any CPU
		{0D89A850-F687-4724-B9B7-5B72D7CFB30E}.Release|Any CPU.Build.0 = Release|Any CPU
		{25A40D49-8D3D-403C-AF40-88BFCF95582C}.Debug|Any CPU.ActiveCfg = Debug|Any CPU
		{25A40D49-8D3D-403C-AF40-88BFCF95582C}.Debug|Any CPU.Build.0 = Debug|Any CPU
		{25A40D49-8D3D-403C-AF40-88BFCF95582C}.Release|Any CPU.ActiveCfg = Release|Any CPU
		{25A40D49-8D3D-403C-AF40-88BFCF95582C}.Release|Any CPU.Build.0 = Release|Any CPU
		{EACD8269-ABEA-4EEF-9821-83544FC419A9}.Debug|Any CPU.ActiveCfg = Debug|Any CPU
		{EACD8269-ABEA-4EEF-9821-83544FC419A9}.Debug|Any CPU.Build.0 = Debug|Any CPU
		{EACD8269-ABEA-4EEF-9821-83544FC419A9}.Release|Any CPU.ActiveCfg = Release|Any CPU
		{EACD8269-ABEA-4EEF-9821-83544FC419A9}.Release|Any CPU.Build.0 = Release|Any CPU
		{435EF6FF-A333-4977-A8EC-B8F3ED4204C4}.Debug|Any CPU.ActiveCfg = Debug|Any CPU
		{435EF6FF-A333-4977-A8EC-B8F3ED4204C4}.Debug|Any CPU.Build.0 = Debug|Any CPU
		{435EF6FF-A333-4977-A8EC-B8F3ED4204C4}.Release|Any CPU.ActiveCfg = Release|Any CPU
		{435EF6FF-A333-4977-A8EC-B8F3ED4204C4}.Release|Any CPU.Build.0 = Release|Any CPU
		{756F916E-AF39-48AE-A223-C712F6F029A9}.Debug|Any CPU.ActiveCfg = Debug|Any CPU
		{756F916E-AF39-48AE-A223-C712F6F029A9}.Debug|Any CPU.Build.0 = Debug|Any CPU
		{756F916E-AF39-48AE-A223-C712F6F029A9}.Release|Any CPU.ActiveCfg = Release|Any CPU
		{756F916E-AF39-48AE-A223-C712F6F029A9}.Release|Any CPU.Build.0 = Release|Any CPU
		{991793CD-4889-402F-808C-236FDAA32D5D}.Debug|Any CPU.ActiveCfg = Debug|Any CPU
		{991793CD-4889-402F-808C-236FDAA32D5D}.Debug|Any CPU.Build.0 = Debug|Any CPU
		{991793CD-4889-402F-808C-236FDAA32D5D}.Release|Any CPU.ActiveCfg = Release|Any CPU
		{991793CD-4889-402F-808C-236FDAA32D5D}.Release|Any CPU.Build.0 = Release|Any CPU
		{D7A47550-4779-4C9C-BC12-A95A7C2EE0BE}.Debug|Any CPU.ActiveCfg = Debug|Any CPU
		{D7A47550-4779-4C9C-BC12-A95A7C2EE0BE}.Debug|Any CPU.Build.0 = Debug|Any CPU
		{D7A47550-4779-4C9C-BC12-A95A7C2EE0BE}.Release|Any CPU.ActiveCfg = Release|Any CPU
		{D7A47550-4779-4C9C-BC12-A95A7C2EE0BE}.Release|Any CPU.Build.0 = Release|Any CPU
		{3A232FF2-7D1B-4C73-BB49-A27C6F2EE5FE}.Debug|Any CPU.ActiveCfg = Debug|Any CPU
		{3A232FF2-7D1B-4C73-BB49-A27C6F2EE5FE}.Debug|Any CPU.Build.0 = Debug|Any CPU
		{3A232FF2-7D1B-4C73-BB49-A27C6F2EE5FE}.Release|Any CPU.ActiveCfg = Release|Any CPU
		{3A232FF2-7D1B-4C73-BB49-A27C6F2EE5FE}.Release|Any CPU.Build.0 = Release|Any CPU
		{FEDF9486-499C-4440-BB85-1CAC997A7441}.Debug|Any CPU.ActiveCfg = Debug|Any CPU
		{FEDF9486-499C-4440-BB85-1CAC997A7441}.Debug|Any CPU.Build.0 = Debug|Any CPU
		{FEDF9486-499C-4440-BB85-1CAC997A7441}.Release|Any CPU.ActiveCfg = Release|Any CPU
		{FEDF9486-499C-4440-BB85-1CAC997A7441}.Release|Any CPU.Build.0 = Release|Any CPU
		{E204DD87-78FF-457E-BCA7-8221E07452DB}.Debug|Any CPU.ActiveCfg = Debug|Any CPU
		{E204DD87-78FF-457E-BCA7-8221E07452DB}.Debug|Any CPU.Build.0 = Debug|Any CPU
		{E204DD87-78FF-457E-BCA7-8221E07452DB}.Release|Any CPU.ActiveCfg = Release|Any CPU
		{E204DD87-78FF-457E-BCA7-8221E07452DB}.Release|Any CPU.Build.0 = Release|Any CPU
		{CEE973D5-3804-40BF-89DC-F3E48DA3FFFC}.Debug|Any CPU.ActiveCfg = Debug|Any CPU
		{CEE973D5-3804-40BF-89DC-F3E48DA3FFFC}.Debug|Any CPU.Build.0 = Debug|Any CPU
		{CEE973D5-3804-40BF-89DC-F3E48DA3FFFC}.Release|Any CPU.ActiveCfg = Release|Any CPU
		{CEE973D5-3804-40BF-89DC-F3E48DA3FFFC}.Release|Any CPU.Build.0 = Release|Any CPU
	EndGlobalSection
	GlobalSection(SolutionProperties) = preSolution
		HideSolutionNode = FALSE
	EndGlobalSection
	GlobalSection(NestedProjects) = preSolution
		{0D89A850-F687-4724-B9B7-5B72D7CFB30E} = {1EC63BBA-22BF-4673-BBBF-28D4395311CD}
		{25A40D49-8D3D-403C-AF40-88BFCF95582C} = {E69C1495-5255-4933-BAF8-4DFA0C3576D5}
		{EACD8269-ABEA-4EEF-9821-83544FC419A9} = {62B8D196-1A11-44F3-9413-C7CA9512B77F}
		{435EF6FF-A333-4977-A8EC-B8F3ED4204C4} = {550A286D-683D-4838-9485-129A7C808E68}
		{756F916E-AF39-48AE-A223-C712F6F029A9} = {550A286D-683D-4838-9485-129A7C808E68}
		{991793CD-4889-402F-808C-236FDAA32D5D} = {E69C1495-5255-4933-BAF8-4DFA0C3576D5}
		{D7A47550-4779-4C9C-BC12-A95A7C2EE0BE} = {2FCF062E-1A95-46F9-9CEA-CBDA6AD55E32}
		{3A232FF2-7D1B-4C73-BB49-A27C6F2EE5FE} = {550A286D-683D-4838-9485-129A7C808E68}
		{FEDF9486-499C-4440-BB85-1CAC997A7441} = {E69C1495-5255-4933-BAF8-4DFA0C3576D5}
		{E204DD87-78FF-457E-BCA7-8221E07452DB} = {62B8D196-1A11-44F3-9413-C7CA9512B77F}
		{CEE973D5-3804-40BF-89DC-F3E48DA3FFFC} = {D6A0864D-1B48-4B81-9138-0E23ACC437FB}
	EndGlobalSection
	GlobalSection(ExtensibilityGlobals) = postSolution
		SolutionGuid = {FB64D598-FF20-464A-8614-85325E411101}
	EndGlobalSection
EndGlobal
