
Microsoft Visual Studio Solution File, Format Version 12.00
# Visual Studio 14
VisualStudioVersion = 14.0.25123.0
MinimumVisualStudioVersion = 10.0.40219.1
Project("{FAE04EC0-301F-11D3-BF4B-00C04F79EFBC}") = "PowerView.Common", "PowerView.Common\PowerView.Common.csproj", "{0D89A850-F687-4724-B9B7-5B72D7CFB30E}"
EndProject
Project("{FAE04EC0-301F-11D3-BF4B-00C04F79EFBC}") = "PowerView.Web.UI", "PowerView.Web.UI\PowerView.Web.UI.csproj", "{4DA0FBA5-6281-4B54-8DFA-B18B70E8C63C}"
EndProject
Project("{FAE04EC0-301F-11D3-BF4B-00C04F79EFBC}") = "PowerView.Web.UI.Tests", "PowerView.Web.UI.Tests\PowerView.Web.UI.Tests.csproj", "{25A40D49-8D3D-403C-AF40-88BFCF95582C}"
EndProject
Project("{2150E333-8FDC-42A3-9474-1A3956D46DE8}") = "Tests", "Tests", "{E69C1495-5255-4933-BAF8-4DFA0C3576D5}"
EndProject
Project("{FAE04EC0-301F-11D3-BF4B-00C04F79EFBC}") = "PowerView.Domain", "PowerView.Domain\PowerView.Domain.csproj", "{EACD8269-ABEA-4EEF-9821-83544FC419A9}"
EndProject
Project("{2150E333-8FDC-42A3-9474-1A3956D46DE8}") = "Core", "Core", "{1EC63BBA-22BF-4673-BBBF-28D4395311CD}"
EndProject
Project("{FAE04EC0-301F-11D3-BF4B-00C04F79EFBC}") = "PowerView.DataAccess", "PowerView.DataAccess\PowerView.DataAccess.csproj", "{435EF6FF-A333-4977-A8EC-B8F3ED4204C4}"
EndProject
Project("{FAE04EC0-301F-11D3-BF4B-00C04F79EFBC}") = "PowerView.IoT", "PowerView.IoT\PowerView.IoT.csproj", "{756F916E-AF39-48AE-A223-C712F6F029A9}"
EndProject
Project("{FAE04EC0-301F-11D3-BF4B-00C04F79EFBC}") = "PowerView.Domain.Tests", "PowerView.Domain.Tests\PowerView.Domain.Tests.csproj", "{991793CD-4889-402F-808C-236FDAA32D5D}"
EndProject
Project("{FAE04EC0-301F-11D3-BF4B-00C04F79EFBC}") = "PowerView.Infrastructure", "PowerView.Infrastructure\PowerView.Infrastructure.csproj", "{D7A47550-4779-4C9C-BC12-A95A7C2EE0BE}"
EndProject
Global
	GlobalSection(SolutionConfigurationPlatforms) = preSolution
		Debug|Any CPU = Debug|Any CPU
		Release|Any CPU = Release|Any CPU
	EndGlobalSection
	GlobalSection(ProjectConfigurationPlatforms) = postSolution
		{0D89A850-F687-4724-B9B7-5B72D7CFB30E}.Debug|Any CPU.ActiveCfg = Debug|Any CPU
		{0D89A850-F687-4724-B9B7-5B72D7CFB30E}.Debug|Any CPU.Build.0 = Debug|Any CPU
		{0D89A850-F687-4724-B9B7-5B72D7CFB30E}.Release|Any CPU.ActiveCfg = Release|Any CPU
		{0D89A850-F687-4724-B9B7-5B72D7CFB30E}.Release|Any CPU.Build.0 = Release|Any CPU
		{4DA0FBA5-6281-4B54-8DFA-B18B70E8C63C}.Debug|Any CPU.ActiveCfg = Debug|Any CPU
		{4DA0FBA5-6281-4B54-8DFA-B18B70E8C63C}.Debug|Any CPU.Build.0 = Debug|Any CPU
		{4DA0FBA5-6281-4B54-8DFA-B18B70E8C63C}.Release|Any CPU.ActiveCfg = Release|Any CPU
		{4DA0FBA5-6281-4B54-8DFA-B18B70E8C63C}.Release|Any CPU.Build.0 = Release|Any CPU
		{25A40D49-8D3D-403C-AF40-88BFCF95582C}.Debug|Any CPU.ActiveCfg = Debug|Any CPU
		{25A40D49-8D3D-403C-AF40-88BFCF95582C}.Debug|Any CPU.Build.0 = Debug|Any CPU
		{25A40D49-8D3D-403C-AF40-88BFCF95582C}.Release|Any CPU.ActiveCfg = Release|Any CPU
		{25A40D49-8D3D-403C-AF40-88BFCF95582C}.Release|Any CPU.Build.0 = Release|Any CPU
		{EACD8269-ABEA-4EEF-9821-83544FC419A9}.Debug|Any CPU.ActiveCfg = Debug|Any CPU
		{EACD8269-ABEA-4EEF-9821-83544FC419A9}.Debug|Any CPU.Build.0 = Debug|Any CPU
		{EACD8269-ABEA-4EEF-9821-83544FC419A9}.Release|Any CPU.ActiveCfg = Release|Any CPU
		{EACD8269-ABEA-4EEF-9821-83544FC419A9}.Release|Any CPU.Build.0 = Release|Any CPU
		{435EF6FF-A333-4977-A8EC-B8F3ED4204C4}.Debug|Any CPU.ActiveCfg = Debug|Any CPU
		{435EF6FF-A333-4977-A8EC-B8F3ED4204C4}.Debug|Any CPU.Build.0 = Debug|Any CPU
		{435EF6FF-A333-4977-A8EC-B8F3ED4204C4}.Release|Any CPU.ActiveCfg = Release|Any CPU
		{435EF6FF-A333-4977-A8EC-B8F3ED4204C4}.Release|Any CPU.Build.0 = Release|Any CPU
		{756F916E-AF39-48AE-A223-C712F6F029A9}.Debug|Any CPU.ActiveCfg = Debug|Any CPU
		{756F916E-AF39-48AE-A223-C712F6F029A9}.Debug|Any CPU.Build.0 = Debug|Any CPU
		{756F916E-AF39-48AE-A223-C712F6F029A9}.Release|Any CPU.ActiveCfg = Release|Any CPU
		{756F916E-AF39-48AE-A223-C712F6F029A9}.Release|Any CPU.Build.0 = Release|Any CPU
		{991793CD-4889-402F-808C-236FDAA32D5D}.Debug|Any CPU.ActiveCfg = Debug|Any CPU
		{991793CD-4889-402F-808C-236FDAA32D5D}.Debug|Any CPU.Build.0 = Debug|Any CPU
		{991793CD-4889-402F-808C-236FDAA32D5D}.Release|Any CPU.ActiveCfg = Release|Any CPU
		{991793CD-4889-402F-808C-236FDAA32D5D}.Release|Any CPU.Build.0 = Release|Any CPU
		{D7A47550-4779-4C9C-BC12-A95A7C2EE0BE}.Debug|Any CPU.ActiveCfg = Debug|Any CPU
		{D7A47550-4779-4C9C-BC12-A95A7C2EE0BE}.Debug|Any CPU.Build.0 = Debug|Any CPU
		{D7A47550-4779-4C9C-BC12-A95A7C2EE0BE}.Release|Any CPU.ActiveCfg = Release|Any CPU
		{D7A47550-4779-4C9C-BC12-A95A7C2EE0BE}.Release|Any CPU.Build.0 = Release|Any CPU
	EndGlobalSection
	GlobalSection(SolutionProperties) = preSolution
		HideSolutionNode = FALSE
	EndGlobalSection
	GlobalSection(NestedProjects) = preSolution
		{0D89A850-F687-4724-B9B7-5B72D7CFB30E} = {1EC63BBA-22BF-4673-BBBF-28D4395311CD}
		{25A40D49-8D3D-403C-AF40-88BFCF95582C} = {E69C1495-5255-4933-BAF8-4DFA0C3576D5}
		{991793CD-4889-402F-808C-236FDAA32D5D} = {E69C1495-5255-4933-BAF8-4DFA0C3576D5}
	EndGlobalSection
EndGlobal
